Microsoft Visual Studio Solution File, Format Version 12.00
# Visual Studio Version 17
VisualStudioVersion = 17.0.31903.59
MinimumVisualStudioVersion = 10.0.40219.1
Project("{9A19103F-16F7-4668-BE54-9A1E7A4F7556}") = "xml-macker", "src\xml-macker\xml-macker.csproj", "{115FAD84-3220-53F6-B742-7E92FC2B78F5}"
EndProject
Project("{9A19103F-16F7-4668-BE54-9A1E7A4F7556}") = "xml-macker-tests", "src\xml-macker-tests\xml-macker-tests.csproj", "{45A10485-5713-5720-8765-E86FB38BEAAB}"
EndProject
Global
	GlobalSection(SolutionConfigurationPlatforms) = preSolution
		Debug|Any CPU = Debug|Any CPU
		Release|Any CPU = Release|Any CPU
	EndGlobalSection
	GlobalSection(ProjectConfigurationPlatforms) = postSolution
		{115FAD84-3220-53F6-B742-7E92FC2B78F5}.Debug|Any CPU.ActiveCfg = Debug|Any CPU
		{115FAD84-3220-53F6-B742-7E92FC2B78F5}.Debug|Any CPU.Build.0 = Debug|Any CPU
		{115FAD84-3220-53F6-B742-7E92FC2B78F5}.Release|Any CPU.ActiveCfg = Release|Any CPU
		{115FAD84-3220-53F6-B742-7E92FC2B78F5}.Release|Any CPU.Build.0 = Release|Any CPU
		{45A10485-5713-5720-8765-E86FB38BEAAB}.Debug|Any CPU.ActiveCfg = Debug|Any CPU
		{45A10485-5713-5720-8765-E86FB38BEAAB}.Debug|Any CPU.Build.0 = Debug|Any CPU
		{45A10485-5713-5720-8765-E86FB38BEAAB}.Release|Any CPU.ActiveCfg = Release|Any CPU
		{45A10485-5713-5720-8765-E86FB38BEAAB}.Release|Any CPU.Build.0 = Release|Any CPU
	EndGlobalSection
	GlobalSection(SolutionProperties) = preSolution
		HideSolutionNode = FALSE
	EndGlobalSection
EndGlobal
